
Microsoft Visual Studio Solution File, Format Version 12.00
# Visual Studio 14
VisualStudioVersion = 14.0.25420.1
MinimumVisualStudioVersion = 10.0.40219.1
Project("{FAE04EC0-301F-11D3-BF4B-00C04F79EFBC}") = "VL.Web.Api", "VL.Web.Api\VL.Web.Api.csproj", "{541B7ABC-A48C-437E-B46C-F6E511BC705A}"
EndProject
Project("{FAE04EC0-301F-11D3-BF4B-00C04F79EFBC}") = "VL.Data.Model", "VL.Data.Model\VL.Data.Model.csproj", "{CB0841F6-82DF-4705-B2E5-C5C0B0126EC5}"
EndProject
Project("{FAE04EC0-301F-11D3-BF4B-00C04F79EFBC}") = "VL.Business.Entities", "VL.Business.Entities\VL.Business.Entities.csproj", "{B47F9643-53FA-4F91-B5D2-03F4CB4D12E4}"
EndProject
Project("{FAE04EC0-301F-11D3-BF4B-00C04F79EFBC}") = "VL.Business.Services", "VL.Business.Services\VL.Business.Services.csproj", "{8C5A2DE0-C451-4033-BF59-03B71EC91342}"
EndProject
Project("{00D1A9C2-B5F0-4AF3-8072-F6C62B433612}") = "VL.Data.Schema", "VL.Data.Schema\VL.Data.Schema.sqlproj", "{1639208D-49E8-48F8-BA32-911A237E91C9}"
EndProject
Project("{2150E333-8FDC-42A3-9474-1A3956D46DE8}") = "Business", "Business", "{686E60C9-A7E4-4F22-B90F-B47CC1440372}"
EndProject
Project("{2150E333-8FDC-42A3-9474-1A3956D46DE8}") = "Data", "Data", "{44A2324F-1620-43E7-8DCD-24226F53102C}"
EndProject
Project("{2150E333-8FDC-42A3-9474-1A3956D46DE8}") = "Web", "Web", "{C2E783D4-2F56-44A5-9446-D77D54EA967C}"
EndProject
Project("{2150E333-8FDC-42A3-9474-1A3956D46DE8}") = "_Tests", "_Tests", "{4F581E5E-C3B0-4921-8620-EAAD650C1446}"
EndProject
Project("{FAE04EC0-301F-11D3-BF4B-00C04F79EFBC}") = "VL.Business.Services.Tests", "VL.Business.Services.Tests\VL.Business.Services.Tests.csproj", "{441C5DA7-4E39-4D6C-B3B9-DDC32CB0E47C}"
EndProject
Project("{FAE04EC0-301F-11D3-BF4B-00C04F79EFBC}") = "VL.Tests.Helpers", "VL.Tests.Helpers\VL.Tests.Helpers.csproj", "{B8A5A28F-41F6-4AA8-BDFB-7877FC62CBE7}"
EndProject
Project("{F14B399A-7131-4C87-9E4B-1186C45EF12D}") = "VL.Business.Reports", "VL.Business.Reports\VL.Business.Reports.rptproj", "{34E6E8E2-2BEE-4C0A-811A-552E571CFE05}"
EndProject
Project("{FAE04EC0-301F-11D3-BF4B-00C04F79EFBC}") = "ITSD.BPAS.Resolver", "ITSD.BPAS.Resolver\ITSD.BPAS.Resolver.csproj", "{B66D9B21-B96D-43D1-A212-2C8F5B8A5150}"
EndProject
Project("{2150E333-8FDC-42A3-9474-1A3956D46DE8}") = "_Common", "_Common", "{B4564AA3-88C7-49DB-95BA-B5DBD7BEED32}"
EndProject
Project("{FAE04EC0-301F-11D3-BF4B-00C04F79EFBC}") = "VL.Web.Common", "VL.Web.Common\VL.Web.Common.csproj", "{73496D99-356A-428A-91C9-CDF7580D8D64}"
EndProject
Project("{FAE04EC0-301F-11D3-BF4B-00C04F79EFBC}") = "VL.Business.Emailer", "VL.Business.Emailer\VL.Business.Emailer.csproj", "{31C08FF2-B25D-48B9-97BB-A5772E0FBE84}"
EndProject
Global
	GlobalSection(SolutionConfigurationPlatforms) = preSolution
		Debug|Any CPU = Debug|Any CPU
		DebugLocal|Any CPU = DebugLocal|Any CPU
		Release|Any CPU = Release|Any CPU
	EndGlobalSection
	GlobalSection(ProjectConfigurationPlatforms) = postSolution
		{541B7ABC-A48C-437E-B46C-F6E511BC705A}.Debug|Any CPU.ActiveCfg = Debug|Any CPU
		{541B7ABC-A48C-437E-B46C-F6E511BC705A}.Debug|Any CPU.Build.0 = Debug|Any CPU
		{541B7ABC-A48C-437E-B46C-F6E511BC705A}.DebugLocal|Any CPU.ActiveCfg = Debug|Any CPU
		{541B7ABC-A48C-437E-B46C-F6E511BC705A}.DebugLocal|Any CPU.Build.0 = Debug|Any CPU
		{541B7ABC-A48C-437E-B46C-F6E511BC705A}.Release|Any CPU.ActiveCfg = Release|Any CPU
		{541B7ABC-A48C-437E-B46C-F6E511BC705A}.Release|Any CPU.Build.0 = Release|Any CPU
		{CB0841F6-82DF-4705-B2E5-C5C0B0126EC5}.Debug|Any CPU.ActiveCfg = Debug|Any CPU
		{CB0841F6-82DF-4705-B2E5-C5C0B0126EC5}.Debug|Any CPU.Build.0 = Debug|Any CPU
		{CB0841F6-82DF-4705-B2E5-C5C0B0126EC5}.DebugLocal|Any CPU.ActiveCfg = Debug|Any CPU
		{CB0841F6-82DF-4705-B2E5-C5C0B0126EC5}.DebugLocal|Any CPU.Build.0 = Debug|Any CPU
		{CB0841F6-82DF-4705-B2E5-C5C0B0126EC5}.Release|Any CPU.ActiveCfg = Release|Any CPU
		{CB0841F6-82DF-4705-B2E5-C5C0B0126EC5}.Release|Any CPU.Build.0 = Release|Any CPU
		{B47F9643-53FA-4F91-B5D2-03F4CB4D12E4}.Debug|Any CPU.ActiveCfg = Debug|Any CPU
		{B47F9643-53FA-4F91-B5D2-03F4CB4D12E4}.Debug|Any CPU.Build.0 = Debug|Any CPU
		{B47F9643-53FA-4F91-B5D2-03F4CB4D12E4}.DebugLocal|Any CPU.ActiveCfg = Debug|Any CPU
		{B47F9643-53FA-4F91-B5D2-03F4CB4D12E4}.DebugLocal|Any CPU.Build.0 = Debug|Any CPU
		{B47F9643-53FA-4F91-B5D2-03F4CB4D12E4}.Release|Any CPU.ActiveCfg = Release|Any CPU
		{B47F9643-53FA-4F91-B5D2-03F4CB4D12E4}.Release|Any CPU.Build.0 = Release|Any CPU
		{8C5A2DE0-C451-4033-BF59-03B71EC91342}.Debug|Any CPU.ActiveCfg = Debug|Any CPU
		{8C5A2DE0-C451-4033-BF59-03B71EC91342}.Debug|Any CPU.Build.0 = Debug|Any CPU
		{8C5A2DE0-C451-4033-BF59-03B71EC91342}.DebugLocal|Any CPU.ActiveCfg = Debug|Any CPU
		{8C5A2DE0-C451-4033-BF59-03B71EC91342}.DebugLocal|Any CPU.Build.0 = Debug|Any CPU
		{8C5A2DE0-C451-4033-BF59-03B71EC91342}.Release|Any CPU.ActiveCfg = Release|Any CPU
		{8C5A2DE0-C451-4033-BF59-03B71EC91342}.Release|Any CPU.Build.0 = Release|Any CPU
		{1639208D-49E8-48F8-BA32-911A237E91C9}.Debug|Any CPU.ActiveCfg = Debug|Any CPU
		{1639208D-49E8-48F8-BA32-911A237E91C9}.Debug|Any CPU.Build.0 = Debug|Any CPU
		{1639208D-49E8-48F8-BA32-911A237E91C9}.Debug|Any CPU.Deploy.0 = Debug|Any CPU
		{1639208D-49E8-48F8-BA32-911A237E91C9}.DebugLocal|Any CPU.ActiveCfg = Debug|Any CPU
		{1639208D-49E8-48F8-BA32-911A237E91C9}.DebugLocal|Any CPU.Build.0 = Debug|Any CPU
		{1639208D-49E8-48F8-BA32-911A237E91C9}.DebugLocal|Any CPU.Deploy.0 = Debug|Any CPU
		{1639208D-49E8-48F8-BA32-911A237E91C9}.Release|Any CPU.ActiveCfg = Release|Any CPU
		{1639208D-49E8-48F8-BA32-911A237E91C9}.Release|Any CPU.Build.0 = Release|Any CPU
		{1639208D-49E8-48F8-BA32-911A237E91C9}.Release|Any CPU.Deploy.0 = Release|Any CPU
		{441C5DA7-4E39-4D6C-B3B9-DDC32CB0E47C}.Debug|Any CPU.ActiveCfg = Debug|Any CPU
		{441C5DA7-4E39-4D6C-B3B9-DDC32CB0E47C}.Debug|Any CPU.Build.0 = Debug|Any CPU
		{441C5DA7-4E39-4D6C-B3B9-DDC32CB0E47C}.DebugLocal|Any CPU.ActiveCfg = Debug|Any CPU
		{441C5DA7-4E39-4D6C-B3B9-DDC32CB0E47C}.DebugLocal|Any CPU.Build.0 = Debug|Any CPU
		{441C5DA7-4E39-4D6C-B3B9-DDC32CB0E47C}.Release|Any CPU.ActiveCfg = Release|Any CPU
		{441C5DA7-4E39-4D6C-B3B9-DDC32CB0E47C}.Release|Any CPU.Build.0 = Release|Any CPU
		{B8A5A28F-41F6-4AA8-BDFB-7877FC62CBE7}.Debug|Any CPU.ActiveCfg = Debug|Any CPU
		{B8A5A28F-41F6-4AA8-BDFB-7877FC62CBE7}.Debug|Any CPU.Build.0 = Debug|Any CPU
		{B8A5A28F-41F6-4AA8-BDFB-7877FC62CBE7}.DebugLocal|Any CPU.ActiveCfg = Debug|Any CPU
		{B8A5A28F-41F6-4AA8-BDFB-7877FC62CBE7}.DebugLocal|Any CPU.Build.0 = Debug|Any CPU
		{B8A5A28F-41F6-4AA8-BDFB-7877FC62CBE7}.Release|Any CPU.ActiveCfg = Release|Any CPU
		{B8A5A28F-41F6-4AA8-BDFB-7877FC62CBE7}.Release|Any CPU.Build.0 = Release|Any CPU
		{34E6E8E2-2BEE-4C0A-811A-552E571CFE05}.Debug|Any CPU.ActiveCfg = Debug
		{34E6E8E2-2BEE-4C0A-811A-552E571CFE05}.Debug|Any CPU.Build.0 = Debug
		{34E6E8E2-2BEE-4C0A-811A-552E571CFE05}.Debug|Any CPU.Deploy.0 = Debug
		{34E6E8E2-2BEE-4C0A-811A-552E571CFE05}.DebugLocal|Any CPU.ActiveCfg = DebugLocal
		{34E6E8E2-2BEE-4C0A-811A-552E571CFE05}.DebugLocal|Any CPU.Build.0 = DebugLocal
		{34E6E8E2-2BEE-4C0A-811A-552E571CFE05}.Release|Any CPU.ActiveCfg = Release
		{34E6E8E2-2BEE-4C0A-811A-552E571CFE05}.Release|Any CPU.Build.0 = Release
		{34E6E8E2-2BEE-4C0A-811A-552E571CFE05}.Release|Any CPU.Deploy.0 = Release
		{B66D9B21-B96D-43D1-A212-2C8F5B8A5150}.Debug|Any CPU.ActiveCfg = Debug|Any CPU
		{B66D9B21-B96D-43D1-A212-2C8F5B8A5150}.Debug|Any CPU.Build.0 = Debug|Any CPU
		{B66D9B21-B96D-43D1-A212-2C8F5B8A5150}.DebugLocal|Any CPU.ActiveCfg = Debug|Any CPU
		{B66D9B21-B96D-43D1-A212-2C8F5B8A5150}.DebugLocal|Any CPU.Build.0 = Debug|Any CPU
		{B66D9B21-B96D-43D1-A212-2C8F5B8A5150}.Release|Any CPU.ActiveCfg = Release|Any CPU
		{B66D9B21-B96D-43D1-A212-2C8F5B8A5150}.Release|Any CPU.Build.0 = Release|Any CPU
		{73496D99-356A-428A-91C9-CDF7580D8D64}.Debug|Any CPU.ActiveCfg = Debug|Any CPU
		{73496D99-356A-428A-91C9-CDF7580D8D64}.Debug|Any CPU.Build.0 = Debug|Any CPU
		{73496D99-356A-428A-91C9-CDF7580D8D64}.DebugLocal|Any CPU.ActiveCfg = Debug|Any CPU
		{73496D99-356A-428A-91C9-CDF7580D8D64}.DebugLocal|Any CPU.Build.0 = Debug|Any CPU
		{73496D99-356A-428A-91C9-CDF7580D8D64}.Release|Any CPU.ActiveCfg = Release|Any CPU
		{73496D99-356A-428A-91C9-CDF7580D8D64}.Release|Any CPU.Build.0 = Release|Any CPU
		{31C08FF2-B25D-48B9-97BB-A5772E0FBE84}.Debug|Any CPU.ActiveCfg = Debug|Any CPU
		{31C08FF2-B25D-48B9-97BB-A5772E0FBE84}.Debug|Any CPU.Build.0 = Debug|Any CPU
		{31C08FF2-B25D-48B9-97BB-A5772E0FBE84}.DebugLocal|Any CPU.ActiveCfg = Debug|Any CPU
		{31C08FF2-B25D-48B9-97BB-A5772E0FBE84}.DebugLocal|Any CPU.Build.0 = Debug|Any CPU
		{31C08FF2-B25D-48B9-97BB-A5772E0FBE84}.Release|Any CPU.ActiveCfg = Release|Any CPU
		{31C08FF2-B25D-48B9-97BB-A5772E0FBE84}.Release|Any CPU.Build.0 = Release|Any CPU
	EndGlobalSection
	GlobalSection(SolutionProperties) = preSolution
		HideSolutionNode = FALSE
	EndGlobalSection
	GlobalSection(NestedProjects) = preSolution
		{541B7ABC-A48C-437E-B46C-F6E511BC705A} = {C2E783D4-2F56-44A5-9446-D77D54EA967C}
		{CB0841F6-82DF-4705-B2E5-C5C0B0126EC5} = {44A2324F-1620-43E7-8DCD-24226F53102C}
		{B47F9643-53FA-4F91-B5D2-03F4CB4D12E4} = {686E60C9-A7E4-4F22-B90F-B47CC1440372}
		{8C5A2DE0-C451-4033-BF59-03B71EC91342} = {686E60C9-A7E4-4F22-B90F-B47CC1440372}
		{1639208D-49E8-48F8-BA32-911A237E91C9} = {44A2324F-1620-43E7-8DCD-24226F53102C}
		{441C5DA7-4E39-4D6C-B3B9-DDC32CB0E47C} = {4F581E5E-C3B0-4921-8620-EAAD650C1446}
		{B8A5A28F-41F6-4AA8-BDFB-7877FC62CBE7} = {4F581E5E-C3B0-4921-8620-EAAD650C1446}
		{34E6E8E2-2BEE-4C0A-811A-552E571CFE05} = {686E60C9-A7E4-4F22-B90F-B47CC1440372}
		{B66D9B21-B96D-43D1-A212-2C8F5B8A5150} = {B4564AA3-88C7-49DB-95BA-B5DBD7BEED32}
		{73496D99-356A-428A-91C9-CDF7580D8D64} = {C2E783D4-2F56-44A5-9446-D77D54EA967C}
		{31C08FF2-B25D-48B9-97BB-A5772E0FBE84} = {686E60C9-A7E4-4F22-B90F-B47CC1440372}
	EndGlobalSection
EndGlobal
